<?xml version="1.0" encoding="utf-8"?>
<Project ToolsVersion="4.0" xmlns="http://schemas.microsoft.com/developer/msbuild/2003">
  <ItemGroup>
    <Filter Include="Source Files">
      <UniqueIdentifier>{4FC737F1-C7A5-4376-A066-2A32D752A2FF}</UniqueIdentifier>
      <Extensions>cpp;c;cc;cxx;def;odl;idl;hpj;bat;asm;asmx</Extensions>
    </Filter>
    <Filter Include="Header Files">
      <UniqueIdentifier>{93995380-89BD-4b04-88EB-625FBE52EBFB}</UniqueIdentifier>
      <Extensions>h;hh;hpp;hxx;hm;inl;inc;xsd</Extensions>
    </Filter>
    <Filter Include="Resource Files">
      <UniqueIdentifier>{67DA6AB6-F800-4c08-8B7A-83BB121AAD01}</UniqueIdentifier>
      <Extensions>rc;ico;cur;bmp;dlg;rc2;rct;bin;rgs;gif;jpg;jpeg;jpe;resx;tiff;tif;png;wav;mfcribbon-ms</Extensions>
    </Filter>
    <Filter Include="Header Files\States">
      <UniqueIdentifier>{195f5fe3-ed28-4ceb-af24-e8e5472d3af7}</UniqueIdentifier>
    </Filter>
    <Filter Include="Header Files\Characters">
      <UniqueIdentifier>{7fcf67d3-4f64-4949-8b77-84e5fc2bb56e}</UniqueIdentifier>
    </Filter>
    <Filter Include="Source Files\Characters">
      <UniqueIdentifier>{7776486e-fce3-45b8-82c5-7114922b6bc8}</UniqueIdentifier>
    </Filter>
    <Filter Include="Source Files\States">
      <UniqueIdentifier>{5503085b-51f4-471f-900e-5beec4d091a2}</UniqueIdentifier>
    </Filter>
    <Filter Include="Header Files\SystemFiles">
      <UniqueIdentifier>{7a5f3f06-5ce2-49d1-86a3-285ca4cb2641}</UniqueIdentifier>
    </Filter>
    <Filter Include="Source Files\SystemFiles">
      <UniqueIdentifier>{e9b44941-863e-41c3-8f99-4ad8d3db9b67}</UniqueIdentifier>
    </Filter>
    <Filter Include="Source Files\States\MenuStates">
      <UniqueIdentifier>{93f6199e-c45b-4a75-bc7f-670930ad1577}</UniqueIdentifier>
    </Filter>
    <Filter Include="Header Files\States\MenuStates">
      <UniqueIdentifier>{3013cec6-d69b-4270-8e82-078c4bef44d3}</UniqueIdentifier>
    </Filter>
    <Filter Include="Header Files\Characters\Handlers">
      <UniqueIdentifier>{217d1b5d-77c0-44f2-b372-2a928fd6a953}</UniqueIdentifier>
    </Filter>
    <Filter Include="Header Files\Items">
      <UniqueIdentifier>{e91fefe4-e185-4a30-8e56-76f5828c1459}</UniqueIdentifier>
    </Filter>
    <Filter Include="Header Files\Characters\Fight">
      <UniqueIdentifier>{fa575d25-83a3-47be-afa1-331fb811090f}</UniqueIdentifier>
    </Filter>
    <Filter Include="Source Files\Characters\Handlers">
      <UniqueIdentifier>{c8994df3-d2ac-4e59-9340-00a4f317379f}</UniqueIdentifier>
    </Filter>
    <Filter Include="Source Files\Characters\Fight">
      <UniqueIdentifier>{01265991-0cea-4ef8-886e-5366a54b098a}</UniqueIdentifier>
    </Filter>
    <Filter Include="Source Files\Items">
      <UniqueIdentifier>{4eaa9f31-d94b-4db3-b2dc-87e13bd0c139}</UniqueIdentifier>
    </Filter>
  </ItemGroup>
  <ItemGroup>
    <ClCompile Include="Character.cpp">
      <Filter>Source Files\Characters</Filter>
    </ClCompile>
    <ClCompile Include="Enemy.cpp">
      <Filter>Source Files\Characters</Filter>
    </ClCompile>
    <ClCompile Include="Player.cpp">
      <Filter>Source Files\Characters</Filter>
    </ClCompile>
    <ClCompile Include="GameState.cpp">
      <Filter>Source Files\States</Filter>
    </ClCompile>
    <ClCompile Include="Input.cpp">
      <Filter>Source Files\SystemFiles</Filter>
    </ClCompile>
    <ClCompile Include="Main.cpp">
      <Filter>Source Files\SystemFiles</Filter>
    </ClCompile>
    <ClCompile Include="System.cpp">
      <Filter>Source Files\SystemFiles</Filter>
    </ClCompile>
    <ClCompile Include="PlayState.cpp">
      <Filter>Source Files\States</Filter>
    </ClCompile>
    <ClCompile Include="PauseMenuState.cpp">
      <Filter>Source Files\States\MenuStates</Filter>
    </ClCompile>
    <ClCompile Include="MainMenuState.cpp">
      <Filter>Source Files\States\MenuStates</Filter>
    </ClCompile>
    <ClCompile Include="MenuState.cpp">
      <Filter>Source Files\States</Filter>
    </ClCompile>
    <ClCompile Include="CharacterHandler.cpp">
      <Filter>Source Files\Characters\Handlers</Filter>
    </ClCompile>
    <ClCompile Include="EnemyHandler.cpp">
      <Filter>Source Files\Characters\Handlers</Filter>
    </ClCompile>
    <ClCompile Include="PlayerHandler.cpp">
      <Filter>Source Files\Characters\Handlers</Filter>
    </ClCompile>
    <ClCompile Include="Fight.cpp">
      <Filter>Source Files\Characters\Fight</Filter>
    </ClCompile>
    <ClCompile Include="FightHandler.cpp">
      <Filter>Source Files\Characters\Fight</Filter>
    </ClCompile>
    <ClCompile Include="Item.cpp">
      <Filter>Source Files\Items</Filter>
    </ClCompile>
    <ClCompile Include="Inventory.cpp">
      <Filter>Source Files\Items</Filter>
    </ClCompile>
    <ClCompile Include="HealthBar.cpp">
      <Filter>Source Files</Filter>
    </ClCompile>
  </ItemGroup>
  <ItemGroup>
    <ClInclude Include="Character.hpp">
      <Filter>Header Files\Characters</Filter>
    </ClInclude>
    <ClInclude Include="Enemy.hpp">
      <Filter>Header Files\Characters</Filter>
    </ClInclude>
    <ClInclude Include="Player.hpp">
      <Filter>Header Files\Characters</Filter>
    </ClInclude>
    <ClInclude Include="FiniteStateMachine.hpp">
      <Filter>Header Files\States</Filter>
    </ClInclude>
    <ClInclude Include="GameState.hpp">
      <Filter>Header Files\States</Filter>
    </ClInclude>
    <ClInclude Include="System.hpp">
      <Filter>Header Files\SystemFiles</Filter>
    </ClInclude>
    <ClInclude Include="Input.hpp">
      <Filter>Header Files\SystemFiles</Filter>
    </ClInclude>
    <ClInclude Include="PlayState.hpp">
      <Filter>Header Files\States</Filter>
    </ClInclude>
    <ClInclude Include="MainMenuState.hpp">
      <Filter>Header Files\States\MenuStates</Filter>
    </ClInclude>
    <ClInclude Include="PauseMenuState.hpp">
      <Filter>Header Files\States\MenuStates</Filter>
    </ClInclude>
    <ClInclude Include="SystemSettings.hpp">
      <Filter>Header Files\SystemFiles</Filter>
    </ClInclude>
    <ClInclude Include="Alternative.hpp">
      <Filter>Header Files\Characters</Filter>
    </ClInclude>
    <ClInclude Include="CharacterHandler.hpp">
      <Filter>Header Files\Characters\Handlers</Filter>
    </ClInclude>
    <ClInclude Include="EnemyHandler.hpp">
      <Filter>Header Files\Characters\Handlers</Filter>
    </ClInclude>
    <ClInclude Include="PlayerHandler.hpp">
      <Filter>Header Files\Characters\Handlers</Filter>
    </ClInclude>
    <ClInclude Include="Inventory.hpp">
      <Filter>Header Files\Items</Filter>
    </ClInclude>
    <ClInclude Include="Item.hpp">
      <Filter>Header Files\Items</Filter>
    </ClInclude>
    <ClInclude Include="FightHandler.hpp">
      <Filter>Header Files\Characters\Fight</Filter>
    </ClInclude>
    <ClInclude Include="Fight.hpp">
      <Filter>Header Files\Characters\Fight</Filter>
    </ClInclude>
    <ClInclude Include="MenuState.hpp">
      <Filter>Header Files\States\MenuStates</Filter>
    </ClInclude>
    <ClInclude Include="HealthBar.hpp">
      <Filter>Header Files</Filter>
    </ClInclude>
  </ItemGroup>
</Project>